
Microsoft Visual Studio Solution File, Format Version 12.00
# Visual Studio 15
VisualStudioVersion = 15.0.27004.2009
MinimumVisualStudioVersion = 10.0.40219.1
Project("{9A19103F-16F7-4668-BE54-9A1E7A4F7556}") = "FightGame", "FightGame\FightGame.csproj", "{174CC6D2-6E36-40E6-912E-102C7411A43C}"
EndProject
Project("{9A19103F-16F7-4668-BE54-9A1E7A4F7556}") = "FightGameApi", "FightGameApi\FightGameApi.csproj", "{F21854B1-C34C-4851-85CA-0CDFE55946C0}"
EndProject
Project("{9A19103F-16F7-4668-BE54-9A1E7A4F7556}") = "FightGame.Model", "FightGame.Model\FightGame.Model.csproj", "{289AEB44-5C27-453A-B61C-298ADB5957C9}"
EndProject
Project("{9A19103F-16F7-4668-BE54-9A1E7A4F7556}") = "FightGame.Services", "FightGame.Services\FightGame.Services.csproj", "{36072DCE-CD66-4F50-BE08-A0EB0C8CB31F}"
EndProject
Project("{2150E333-8FDC-42A3-9474-1A3956D46DE8}") = "Solution Items", "Solution Items", "{C1E1E963-4801-4A2E-ACA8-C1F9A6FFA5DE}"
	ProjectSection(SolutionItems) = preProject
		README.md = README.md
	EndProjectSection
EndProject
Global
	GlobalSection(SolutionConfigurationPlatforms) = preSolution
		Debug|Any CPU = Debug|Any CPU
		Release|Any CPU = Release|Any CPU
	EndGlobalSection
	GlobalSection(ProjectConfigurationPlatforms) = postSolution
		{174CC6D2-6E36-40E6-912E-102C7411A43C}.Debug|Any CPU.ActiveCfg = Debug|Any CPU
		{174CC6D2-6E36-40E6-912E-102C7411A43C}.Debug|Any CPU.Build.0 = Debug|Any CPU
		{174CC6D2-6E36-40E6-912E-102C7411A43C}.Release|Any CPU.ActiveCfg = Release|Any CPU
		{174CC6D2-6E36-40E6-912E-102C7411A43C}.Release|Any CPU.Build.0 = Release|Any CPU
		{F21854B1-C34C-4851-85CA-0CDFE55946C0}.Debug|Any CPU.ActiveCfg = Debug|Any CPU
		{F21854B1-C34C-4851-85CA-0CDFE55946C0}.Debug|Any CPU.Build.0 = Debug|Any CPU
		{F21854B1-C34C-4851-85CA-0CDFE55946C0}.Release|Any CPU.ActiveCfg = Release|Any CPU
		{F21854B1-C34C-4851-85CA-0CDFE55946C0}.Release|Any CPU.Build.0 = Release|Any CPU
		{289AEB44-5C27-453A-B61C-298ADB5957C9}.Debug|Any CPU.ActiveCfg = Debug|Any CPU
		{289AEB44-5C27-453A-B61C-298ADB5957C9}.Debug|Any CPU.Build.0 = Debug|Any CPU
		{289AEB44-5C27-453A-B61C-298ADB5957C9}.Release|Any CPU.ActiveCfg = Release|Any CPU
		{289AEB44-5C27-453A-B61C-298ADB5957C9}.Release|Any CPU.Build.0 = Release|Any CPU
		{36072DCE-CD66-4F50-BE08-A0EB0C8CB31F}.Debug|Any CPU.ActiveCfg = Debug|Any CPU
		{36072DCE-CD66-4F50-BE08-A0EB0C8CB31F}.Debug|Any CPU.Build.0 = Debug|Any CPU
		{36072DCE-CD66-4F50-BE08-A0EB0C8CB31F}.Release|Any CPU.ActiveCfg = Release|Any CPU
		{36072DCE-CD66-4F50-BE08-A0EB0C8CB31F}.Release|Any CPU.Build.0 = Release|Any CPU
	EndGlobalSection
	GlobalSection(SolutionProperties) = preSolution
		HideSolutionNode = FALSE
	EndGlobalSection
	GlobalSection(ExtensibilityGlobals) = postSolution
		SolutionGuid = {6658FBF8-3EBE-4D6F-86DD-8FE0A0452630}
	EndGlobalSection
EndGlobal
